
Microsoft Visual Studio Solution File, Format Version 12.00
# Visual Studio 14
VisualStudioVersion = 14.0.25420.1
MinimumVisualStudioVersion = 10.0.40219.1
Project("{FAE04EC0-301F-11D3-BF4B-00C04F79EFBC}") = "DomainModel", "DomainModel\DomainModel.csproj", "{16C64223-5C7C-48C5-B110-B5AB6355F69D}"
EndProject
Project("{FAE04EC0-301F-11D3-BF4B-00C04F79EFBC}") = "DataAccess", "DataAccess\DataAccess.csproj", "{39847E2A-5BF4-493D-9D9F-83847B73A722}"
EndProject
Project("{FAE04EC0-301F-11D3-BF4B-00C04F79EFBC}") = "DataAccess.EntityFramework", "DataAccess.EntityFramework\DataAccess.EntityFramework.csproj", "{B3902139-C578-4537-8495-6C5338AFBC4D}"
EndProject
Project("{FAE04EC0-301F-11D3-BF4B-00C04F79EFBC}") = "WebApi", "WebApi\WebApi.csproj", "{D8C6BFD2-E03C-4F43-9466-815AE79572CC}"
EndProject
Global
	GlobalSection(SolutionConfigurationPlatforms) = preSolution
		Debug|Any CPU = Debug|Any CPU
		Release|Any CPU = Release|Any CPU
	EndGlobalSection
	GlobalSection(ProjectConfigurationPlatforms) = postSolution
		{16C64223-5C7C-48C5-B110-B5AB6355F69D}.Debug|Any CPU.ActiveCfg = Debug|Any CPU
		{16C64223-5C7C-48C5-B110-B5AB6355F69D}.Debug|Any CPU.Build.0 = Debug|Any CPU
		{16C64223-5C7C-48C5-B110-B5AB6355F69D}.Release|Any CPU.ActiveCfg = Release|Any CPU
		{16C64223-5C7C-48C5-B110-B5AB6355F69D}.Release|Any CPU.Build.0 = Release|Any CPU
		{39847E2A-5BF4-493D-9D9F-83847B73A722}.Debug|Any CPU.ActiveCfg = Debug|Any CPU
		{39847E2A-5BF4-493D-9D9F-83847B73A722}.Debug|Any CPU.Build.0 = Debug|Any CPU
		{39847E2A-5BF4-493D-9D9F-83847B73A722}.Release|Any CPU.ActiveCfg = Release|Any CPU
		{39847E2A-5BF4-493D-9D9F-83847B73A722}.Release|Any CPU.Build.0 = Release|Any CPU
		{B3902139-C578-4537-8495-6C5338AFBC4D}.Debug|Any CPU.ActiveCfg = Debug|Any CPU
		{B3902139-C578-4537-8495-6C5338AFBC4D}.Debug|Any CPU.Build.0 = Debug|Any CPU
		{B3902139-C578-4537-8495-6C5338AFBC4D}.Release|Any CPU.ActiveCfg = Release|Any CPU
		{B3902139-C578-4537-8495-6C5338AFBC4D}.Release|Any CPU.Build.0 = Release|Any CPU
		{D8C6BFD2-E03C-4F43-9466-815AE79572CC}.Debug|Any CPU.ActiveCfg = Debug|Any CPU
		{D8C6BFD2-E03C-4F43-9466-815AE79572CC}.Debug|Any CPU.Build.0 = Debug|Any CPU
		{D8C6BFD2-E03C-4F43-9466-815AE79572CC}.Release|Any CPU.ActiveCfg = Release|Any CPU
		{D8C6BFD2-E03C-4F43-9466-815AE79572CC}.Release|Any CPU.Build.0 = Release|Any CPU
	EndGlobalSection
	GlobalSection(SolutionProperties) = preSolution
		HideSolutionNode = FALSE
	EndGlobalSection
EndGlobal
